// !$*UTF8*$!
{
	archiveVersion = 1;
	classes = {
	};
	objectVersion = 56;
	objects = {

/* Begin PBXBuildFile section */
		1BEE45AA2AAC66B5004D7EBF /* AppDelegate.swift in Sources */ = {isa = PBXBuildFile; fileRef = 1BEE45A92AAC66B5004D7EBF /* AppDelegate.swift */; };
		1BEE45AC2AAC66B5004D7EBF /* SceneDelegate.swift in Sources */ = {isa = PBXBuildFile; fileRef = 1BEE45AB2AAC66B5004D7EBF /* SceneDelegate.swift */; };
		1BEE45AE2AAC66B5004D7EBF /* ViewController.swift in Sources */ = {isa = PBXBuildFile; fileRef = 1BEE45AD2AAC66B5004D7EBF /* ViewController.swift */; };
		1BEE45B12AAC66B5004D7EBF /* Main.storyboard in Resources */ = {isa = PBXBuildFile; fileRef = 1BEE45AF2AAC66B5004D7EBF /* Main.storyboard */; };
		1BEE45B32AAC66B6004D7EBF /* Assets.xcassets in Resources */ = {isa = PBXBuildFile; fileRef = 1BEE45B22AAC66B6004D7EBF /* Assets.xcassets */; };
		1BEE45B62AAC66B6004D7EBF /* LaunchScreen.storyboard in Resources */ = {isa = PBXBuildFile; fileRef = 1BEE45B42AAC66B6004D7EBF /* LaunchScreen.storyboard */; };
		1BEE45BE2AAC68D0004D7EBF /* CalculatorViewController.swift in Sources */ = {isa = PBXBuildFile; fileRef = 1BEE45BD2AAC68D0004D7EBF /* CalculatorViewController.swift */; };
		1BEE45C02AACB40D004D7EBF /* CalculatorLogic.swift in Sources */ = {isa = PBXBuildFile; fileRef = 1BEE45BF2AACB40D004D7EBF /* CalculatorLogic.swift */; };
		1BEE45F52AACBF26004D7EBF /* simpleCalculatorUITests.swift in Sources */ = {isa = PBXBuildFile; fileRef = 1BEE45F42AACBF26004D7EBF /* simpleCalculatorUITests.swift */; };
		1BEE45F72AACBF26004D7EBF /* simpleCalculatorUITestsLaunchTests.swift in Sources */ = {isa = PBXBuildFile; fileRef = 1BEE45F62AACBF26004D7EBF /* simpleCalculatorUITestsLaunchTests.swift */; };
		1BEE46042AAE2D27004D7EBF /* simpleCalculatorTests.swift in Sources */ = {isa = PBXBuildFile; fileRef = 1BEE46032AAE2D27004D7EBF /* simpleCalculatorTests.swift */; };
/* End PBXBuildFile section */

/* Begin PBXContainerItemProxy section */
		1BEE45F82AACBF26004D7EBF /* PBXContainerItemProxy */ = {
			isa = PBXContainerItemProxy;
			containerPortal = 1BEE459E2AAC66B5004D7EBF /* Project object */;
			proxyType = 1;
			remoteGlobalIDString = 1BEE45A52AAC66B5004D7EBF;
			remoteInfo = simpleCalculator;
		};
		1BEE46052AAE2D27004D7EBF /* PBXContainerItemProxy */ = {
			isa = PBXContainerItemProxy;
			containerPortal = 1BEE459E2AAC66B5004D7EBF /* Project object */;
			proxyType = 1;
			remoteGlobalIDString = 1BEE45A52AAC66B5004D7EBF;
			remoteInfo = simpleCalculator;
		};
/* End PBXContainerItemProxy section */

/* Begin PBXFileReference section */
		1BEE45A62AAC66B5004D7EBF /* simpleCalculator.app */ = {isa = PBXFileReference; explicitFileType = wrapper.application; includeInIndex = 0; name = simpleCalculator.app; path = "/Users/aybatukerkukluoglu/Desktop/simpleCalculator/build/Debug-iphoneos/simpleCalculator.app"; sourceTree = "<absolute>"; };
		1BEE45A92AAC66B5004D7EBF /* AppDelegate.swift */ = {isa = PBXFileReference; lastKnownFileType = sourcecode.swift; path = AppDelegate.swift; sourceTree = "<group>"; };
		1BEE45AB2AAC66B5004D7EBF /* SceneDelegate.swift */ = {isa = PBXFileReference; lastKnownFileType = sourcecode.swift; path = SceneDelegate.swift; sourceTree = "<group>"; };
		1BEE45AD2AAC66B5004D7EBF /* ViewController.swift */ = {isa = PBXFileReference; lastKnownFileType = sourcecode.swift; path = ViewController.swift; sourceTree = "<group>"; };
		1BEE45B02AAC66B5004D7EBF /* Base */ = {isa = PBXFileReference; lastKnownFileType = file.storyboard; name = Base; path = Base.lproj/Main.storyboard; sourceTree = "<group>"; };
		1BEE45B22AAC66B6004D7EBF /* Assets.xcassets */ = {isa = PBXFileReference; lastKnownFileType = folder.assetcatalog; path = Assets.xcassets; sourceTree = "<group>"; };
		1BEE45B52AAC66B6004D7EBF /* Base */ = {isa = PBXFileReference; lastKnownFileType = file.storyboard; name = Base; path = Base.lproj/LaunchScreen.storyboard; sourceTree = "<group>"; };
		1BEE45B72AAC66B6004D7EBF /* Info.plist */ = {isa = PBXFileReference; lastKnownFileType = text.plist.xml; path = Info.plist; sourceTree = "<group>"; };
		1BEE45BD2AAC68D0004D7EBF /* CalculatorViewController.swift */ = {isa = PBXFileReference; lastKnownFileType = sourcecode.swift; path = CalculatorViewController.swift; sourceTree = "<group>"; };
		1BEE45BF2AACB40D004D7EBF /* CalculatorLogic.swift */ = {isa = PBXFileReference; lastKnownFileType = sourcecode.swift; path = CalculatorLogic.swift; sourceTree = "<group>"; };
		1BEE45F22AACBF26004D7EBF /* simpleCalculatorUITests.xctest */ = {isa = PBXFileReference; explicitFileType = wrapper.cfbundle; includeInIndex = 0; path = simpleCalculatorUITests.xctest; sourceTree = BUILT_PRODUCTS_DIR; };
		1BEE45F42AACBF26004D7EBF /* simpleCalculatorUITests.swift */ = {isa = PBXFileReference; lastKnownFileType = sourcecode.swift; path = simpleCalculatorUITests.swift; sourceTree = "<group>"; };
		1BEE45F62AACBF26004D7EBF /* simpleCalculatorUITestsLaunchTests.swift */ = {isa = PBXFileReference; lastKnownFileType = sourcecode.swift; path = simpleCalculatorUITestsLaunchTests.swift; sourceTree = "<group>"; };
		1BEE46012AAE2D27004D7EBF /* simpleCalculatorTests.xctest */ = {isa = PBXFileReference; explicitFileType = wrapper.cfbundle; includeInIndex = 0; path = simpleCalculatorTests.xctest; sourceTree = BUILT_PRODUCTS_DIR; };
		1BEE46032AAE2D27004D7EBF /* simpleCalculatorTests.swift */ = {isa = PBXFileReference; lastKnownFileType = sourcecode.swift; path = simpleCalculatorTests.swift; sourceTree = "<group>"; };
/* End PBXFileReference section */

/* Begin PBXFrameworksBuildPhase section */
		1BEE45A32AAC66B5004D7EBF /* Frameworks */ = {
			isa = PBXFrameworksBuildPhase;
			buildActionMask = 2147483647;
			files = (
			);
			runOnlyForDeploymentPostprocessing = 0;
		};
		1BEE45EF2AACBF26004D7EBF /* Frameworks */ = {
			isa = PBXFrameworksBuildPhase;
			buildActionMask = 2147483647;
			files = (
			);
			runOnlyForDeploymentPostprocessing = 0;
		};
		1BEE45FE2AAE2D27004D7EBF /* Frameworks */ = {
			isa = PBXFrameworksBuildPhase;
			buildActionMask = 2147483647;
			files = (
			);
			runOnlyForDeploymentPostprocessing = 0;
		};
/* End PBXFrameworksBuildPhase section */

/* Begin PBXGroup section */
		1BEE459D2AAC66B5004D7EBF = {
			isa = PBXGroup;
			children = (
				1BEE45A82AAC66B5004D7EBF /* simpleCalculator */,
				1BEE45F22AACBF26004D7EBF /* simpleCalculatorUITests.xctest */,
				1BEE45F32AACBF26004D7EBF /* simpleCalculatorUITests */,
				1BEE46012AAE2D27004D7EBF /* simpleCalculatorTests.xctest */,
				1BEE46022AAE2D27004D7EBF /* simpleCalculatorTests */,
			);
			sourceTree = "<group>";
		};
		1BEE45A82AAC66B5004D7EBF /* simpleCalculator */ = {
			isa = PBXGroup;
			children = (
				1BEE45A92AAC66B5004D7EBF /* AppDelegate.swift */,
				1BEE45AB2AAC66B5004D7EBF /* SceneDelegate.swift */,
				1BEE45AD2AAC66B5004D7EBF /* ViewController.swift */,
				1BEE45AF2AAC66B5004D7EBF /* Main.storyboard */,
				1BEE45B22AAC66B6004D7EBF /* Assets.xcassets */,
				1BEE45B42AAC66B6004D7EBF /* LaunchScreen.storyboard */,
				1BEE45B72AAC66B6004D7EBF /* Info.plist */,
				1BEE45BD2AAC68D0004D7EBF /* CalculatorViewController.swift */,
				1BEE45BF2AACB40D004D7EBF /* CalculatorLogic.swift */,
			);
			path = simpleCalculator;
			sourceTree = "<group>";
		};
		1BEE45F32AACBF26004D7EBF /* simpleCalculatorUITests */ = {
			isa = PBXGroup;
			children = (
				1BEE45F42AACBF26004D7EBF /* simpleCalculatorUITests.swift */,
				1BEE45F62AACBF26004D7EBF /* simpleCalculatorUITestsLaunchTests.swift */,
			);
			path = simpleCalculatorUITests;
			sourceTree = "<group>";
		};
		1BEE46022AAE2D27004D7EBF /* simpleCalculatorTests */ = {
			isa = PBXGroup;
			children = (
				1BEE46032AAE2D27004D7EBF /* simpleCalculatorTests.swift */,
			);
			path = simpleCalculatorTests;
			sourceTree = "<group>";
		};
/* End PBXGroup section */

/* Begin PBXNativeTarget section */
		1BEE45A52AAC66B5004D7EBF /* simpleCalculator */ = {
			isa = PBXNativeTarget;
			buildConfigurationList = 1BEE45BA2AAC66B6004D7EBF /* Build configuration list for PBXNativeTarget "simpleCalculator" */;
			buildPhases = (
				1BEE45A22AAC66B5004D7EBF /* Sources */,
				1BEE45A32AAC66B5004D7EBF /* Frameworks */,
				1BEE45A42AAC66B5004D7EBF /* Resources */,
			);
			buildRules = (
			);
			dependencies = (
			);
			name = simpleCalculator;
			productName = simpleCalculator;
			productReference = 1BEE45A62AAC66B5004D7EBF /* simpleCalculator.app */;
			productType = "com.apple.product-type.application";
		};
		1BEE45F12AACBF26004D7EBF /* simpleCalculatorUITests */ = {
			isa = PBXNativeTarget;
			buildConfigurationList = 1BEE45FA2AACBF26004D7EBF /* Build configuration list for PBXNativeTarget "simpleCalculatorUITests" */;
			buildPhases = (
				1BEE45EE2AACBF26004D7EBF /* Sources */,
				1BEE45EF2AACBF26004D7EBF /* Frameworks */,
				1BEE45F02AACBF26004D7EBF /* Resources */,
			);
			buildRules = (
			);
			dependencies = (
				1BEE45F92AACBF26004D7EBF /* PBXTargetDependency */,
			);
			name = simpleCalculatorUITests;
			productName = simpleCalculatorUITests;
			productReference = 1BEE45F22AACBF26004D7EBF /* simpleCalculatorUITests.xctest */;
			productType = "com.apple.product-type.bundle.ui-testing";
		};
		1BEE46002AAE2D27004D7EBF /* simpleCalculatorTests */ = {
			isa = PBXNativeTarget;
			buildConfigurationList = 1BEE46072AAE2D27004D7EBF /* Build configuration list for PBXNativeTarget "simpleCalculatorTests" */;
			buildPhases = (
				1BEE45FD2AAE2D27004D7EBF /* Sources */,
				1BEE45FE2AAE2D27004D7EBF /* Frameworks */,
				1BEE45FF2AAE2D27004D7EBF /* Resources */,
			);
			buildRules = (
			);
			dependencies = (
				1BEE46062AAE2D27004D7EBF /* PBXTargetDependency */,
			);
			name = simpleCalculatorTests;
			productName = simpleCalculatorTests;
			productReference = 1BEE46012AAE2D27004D7EBF /* simpleCalculatorTests.xctest */;
			productType = "com.apple.product-type.bundle.unit-test";
		};
/* End PBXNativeTarget section */

/* Begin PBXProject section */
		1BEE459E2AAC66B5004D7EBF /* Project object */ = {
			isa = PBXProject;
			attributes = {
				BuildIndependentTargetsInParallel = 1;
				LastSwiftUpdateCheck = 1430;
				LastUpgradeCheck = 1430;
				TargetAttributes = {
					1BEE45A52AAC66B5004D7EBF = {
						CreatedOnToolsVersion = 14.3.1;
					};
					1BEE45F12AACBF26004D7EBF = {
						CreatedOnToolsVersion = 14.3.1;
						TestTargetID = 1BEE45A52AAC66B5004D7EBF;
					};
					1BEE46002AAE2D27004D7EBF = {
						CreatedOnToolsVersion = 14.3.1;
						TestTargetID = 1BEE45A52AAC66B5004D7EBF;
					};
				};
			};
			buildConfigurationList = 1BEE45A12AAC66B5004D7EBF /* Build configuration list for PBXProject "simpleCalculator" */;
			compatibilityVersion = "Xcode 14.0";
			developmentRegion = en;
			hasScannedForEncodings = 0;
			knownRegions = (
				en,
				Base,
			);
			mainGroup = 1BEE459D2AAC66B5004D7EBF;
			productRefGroup = 1BEE459D2AAC66B5004D7EBF;
			projectDirPath = "";
			projectRoot = "";
			targets = (
				1BEE45A52AAC66B5004D7EBF /* simpleCalculator */,
				1BEE45F12AACBF26004D7EBF /* simpleCalculatorUITests */,
				1BEE46002AAE2D27004D7EBF /* simpleCalculatorTests */,
			);
		};
/* End PBXProject section */

/* Begin PBXResourcesBuildPhase section */
		1BEE45A42AAC66B5004D7EBF /* Resources */ = {
			isa = PBXResourcesBuildPhase;
			buildActionMask = 2147483647;
			files = (
				1BEE45B62AAC66B6004D7EBF /* LaunchScreen.storyboard in Resources */,
				1BEE45B32AAC66B6004D7EBF /* Assets.xcassets in Resources */,
				1BEE45B12AAC66B5004D7EBF /* Main.storyboard in Resources */,
			);
			runOnlyForDeploymentPostprocessing = 0;
		};
		1BEE45F02AACBF26004D7EBF /* Resources */ = {
			isa = PBXResourcesBuildPhase;
			buildActionMask = 2147483647;
			files = (
			);
			runOnlyForDeploymentPostprocessing = 0;
		};
		1BEE45FF2AAE2D27004D7EBF /* Resources */ = {
			isa = PBXResourcesBuildPhase;
			buildActionMask = 2147483647;
			files = (
			);
			runOnlyForDeploymentPostprocessing = 0;
		};
/* End PBXResourcesBuildPhase section */

/* Begin PBXSourcesBuildPhase section */
		1BEE45A22AAC66B5004D7EBF /* Sources */ = {
			isa = PBXSourcesBuildPhase;
			buildActionMask = 2147483647;
			files = (
				1BEE45AE2AAC66B5004D7EBF /* ViewController.swift in Sources */,
				1BEE45AA2AAC66B5004D7EBF /* AppDelegate.swift in Sources */,
				1BEE45C02AACB40D004D7EBF /* CalculatorLogic.swift in Sources */,
				1BEE45BE2AAC68D0004D7EBF /* CalculatorViewController.swift in Sources */,
				1BEE45AC2AAC66B5004D7EBF /* SceneDelegate.swift in Sources */,
			);
			runOnlyForDeploymentPostprocessing = 0;
		};
		1BEE45EE2AACBF26004D7EBF /* Sources */ = {
			isa = PBXSourcesBuildPhase;
			buildActionMask = 2147483647;
			files = (
				1BEE45F72AACBF26004D7EBF /* simpleCalculatorUITestsLaunchTests.swift in Sources */,
				1BEE45F52AACBF26004D7EBF /* simpleCalculatorUITests.swift in Sources */,
			);
			runOnlyForDeploymentPostprocessing = 0;
		};
		1BEE45FD2AAE2D27004D7EBF /* Sources */ = {
			isa = PBXSourcesBuildPhase;
			buildActionMask = 2147483647;
			files = (
				1BEE46042AAE2D27004D7EBF /* simpleCalculatorTests.swift in Sources */,
			);
			runOnlyForDeploymentPostprocessing = 0;
		};
/* End PBXSourcesBuildPhase section */

/* Begin PBXTargetDependency section */
		1BEE45F92AACBF26004D7EBF /* PBXTargetDependency */ = {
			isa = PBXTargetDependency;
			target = 1BEE45A52AAC66B5004D7EBF /* simpleCalculator */;
			targetProxy = 1BEE45F82AACBF26004D7EBF /* PBXContainerItemProxy */;
		};
		1BEE46062AAE2D27004D7EBF /* PBXTargetDependency */ = {
			isa = PBXTargetDependency;
			target = 1BEE45A52AAC66B5004D7EBF /* simpleCalculator */;
			targetProxy = 1BEE46052AAE2D27004D7EBF /* PBXContainerItemProxy */;
		};
/* End PBXTargetDependency section */

/* Begin PBXVariantGroup section */
		1BEE45AF2AAC66B5004D7EBF /* Main.storyboard */ = {
			isa = PBXVariantGroup;
			children = (
				1BEE45B02AAC66B5004D7EBF /* Base */,
			);
			name = Main.storyboard;
			sourceTree = "<group>";
		};
		1BEE45B42AAC66B6004D7EBF /* LaunchScreen.storyboard */ = {
			isa = PBXVariantGroup;
			children = (
				1BEE45B52AAC66B6004D7EBF /* Base */,
			);
			name = LaunchScreen.storyboard;
			sourceTree = "<group>";
		};
/* End PBXVariantGroup section */

/* Begin XCBuildConfiguration section */
		1BEE45B82AAC66B6004D7EBF /* Debug */ = {
			isa = XCBuildConfiguration;
			buildSettings = {
				ALWAYS_SEARCH_USER_PATHS = NO;
				CLANG_ANALYZER_NONNULL = YES;
				CLANG_ANALYZER_NUMBER_OBJECT_CONVERSION = YES_AGGRESSIVE;
				CLANG_CXX_LANGUAGE_STANDARD = "gnu++20";
				CLANG_ENABLE_MODULES = YES;
				CLANG_ENABLE_OBJC_ARC = YES;
				CLANG_ENABLE_OBJC_WEAK = YES;
				CLANG_WARN_BLOCK_CAPTURE_AUTORELEASING = YES;
				CLANG_WARN_BOOL_CONVERSION = YES;
				CLANG_WARN_COMMA = YES;
				CLANG_WARN_CONSTANT_CONVERSION = YES;
				CLANG_WARN_DEPRECATED_OBJC_IMPLEMENTATIONS = YES;
				CLANG_WARN_DIRECT_OBJC_ISA_USAGE = YES_ERROR;
				CLANG_WARN_DOCUMENTATION_COMMENTS = YES;
				CLANG_WARN_EMPTY_BODY = YES;
				CLANG_WARN_ENUM_CONVERSION = YES;
				CLANG_WARN_INFINITE_RECURSION = YES;
				CLANG_WARN_INT_CONVERSION = YES;
				CLANG_WARN_NON_LITERAL_NULL_CONVERSION = YES;
				CLANG_WARN_OBJC_IMPLICIT_RETAIN_SELF = YES;
				CLANG_WARN_OBJC_LITERAL_CONVERSION = YES;
				CLANG_WARN_OBJC_ROOT_CLASS = YES_ERROR;
				CLANG_WARN_QUOTED_INCLUDE_IN_FRAMEWORK_HEADER = YES;
				CLANG_WARN_RANGE_LOOP_ANALYSIS = YES;
				CLANG_WARN_STRICT_PROTOTYPES = YES;
				CLANG_WARN_SUSPICIOUS_MOVE = YES;
				CLANG_WARN_UNGUARDED_AVAILABILITY = YES_AGGRESSIVE;
				CLANG_WARN_UNREACHABLE_CODE = YES;
				CLANG_WARN__DUPLICATE_METHOD_MATCH = YES;
				COPY_PHASE_STRIP = NO;
				DEBUG_INFORMATION_FORMAT = dwarf;
				ENABLE_STRICT_OBJC_MSGSEND = YES;
				ENABLE_TESTABILITY = YES;
				GCC_C_LANGUAGE_STANDARD = gnu11;
				GCC_DYNAMIC_NO_PIC = NO;
				GCC_NO_COMMON_BLOCKS = YES;
				GCC_OPTIMIZATION_LEVEL = 0;
				GCC_PREPROCESSOR_DEFINITIONS = (
					"DEBUG=1",
					"$(inherited)",
				);
				GCC_WARN_64_TO_32_BIT_CONVERSION = YES;
				GCC_WARN_ABOUT_RETURN_TYPE = YES_ERROR;
				GCC_WARN_UNDECLARED_SELECTOR = YES;
				GCC_WARN_UNINITIALIZED_AUTOS = YES_AGGRESSIVE;
				GCC_WARN_UNUSED_FUNCTION = YES;
				GCC_WARN_UNUSED_VARIABLE = YES;
				IPHONEOS_DEPLOYMENT_TARGET = 16.4;
				MTL_ENABLE_DEBUG_INFO = INCLUDE_SOURCE;
				MTL_FAST_MATH = YES;
				ONLY_ACTIVE_ARCH = YES;
				SDKROOT = iphoneos;
				SWIFT_ACTIVE_COMPILATION_CONDITIONS = DEBUG;
				SWIFT_OPTIMIZATION_LEVEL = "-Onone";
			};
			name = Debug;
		};
		1BEE45B92AAC66B6004D7EBF /* Release */ = {
			isa = XCBuildConfiguration;
			buildSettings = {
				ALWAYS_SEARCH_USER_PATHS = NO;
				CLANG_ANALYZER_NONNULL = YES;
				CLANG_ANALYZER_NUMBER_OBJECT_CONVERSION = YES_AGGRESSIVE;
				CLANG_CXX_LANGUAGE_STANDARD = "gnu++20";
				CLANG_ENABLE_MODULES = YES;
				CLANG_ENABLE_OBJC_ARC = YES;
				CLANG_ENABLE_OBJC_WEAK = YES;
				CLANG_WARN_BLOCK_CAPTURE_AUTORELEASING = YES;
				CLANG_WARN_BOOL_CONVERSION = YES;
				CLANG_WARN_COMMA = YES;
				CLANG_WARN_CONSTANT_CONVERSION = YES;
				CLANG_WARN_DEPRECATED_OBJC_IMPLEMENTATIONS = YES;
				CLANG_WARN_DIRECT_OBJC_ISA_USAGE = YES_ERROR;
				CLANG_WARN_DOCUMENTATION_COMMENTS = YES;
				CLANG_WARN_EMPTY_BODY = YES;
				CLANG_WARN_ENUM_CONVERSION = YES;
				CLANG_WARN_INFINITE_RECURSION = YES;
				CLANG_WARN_INT_CONVERSION = YES;
				CLANG_WARN_NON_LITERAL_NULL_CONVERSION = YES;
				CLANG_WARN_OBJC_IMPLICIT_RETAIN_SELF = YES;
				CLANG_WARN_OBJC_LITERAL_CONVERSION = YES;
				CLANG_WARN_OBJC_ROOT_CLASS = YES_ERROR;
				CLANG_WARN_QUOTED_INCLUDE_IN_FRAMEWORK_HEADER = YES;
				CLANG_WARN_RANGE_LOOP_ANALYSIS = YES;
				CLANG_WARN_STRICT_PROTOTYPES = YES;
				CLANG_WARN_SUSPICIOUS_MOVE = YES;
				CLANG_WARN_UNGUARDED_AVAILABILITY = YES_AGGRESSIVE;
				CLANG_WARN_UNREACHABLE_CODE = YES;
				CLANG_WARN__DUPLICATE_METHOD_MATCH = YES;
				COPY_PHASE_STRIP = NO;
				DEBUG_INFORMATION_FORMAT = "dwarf-with-dsym";
				ENABLE_NS_ASSERTIONS = NO;
				ENABLE_STRICT_OBJC_MSGSEND = YES;
				GCC_C_LANGUAGE_STANDARD = gnu11;
				GCC_NO_COMMON_BLOCKS = YES;
				GCC_WARN_64_TO_32_BIT_CONVERSION = YES;
				GCC_WARN_ABOUT_RETURN_TYPE = YES_ERROR;
				GCC_WARN_UNDECLARED_SELECTOR = YES;
				GCC_WARN_UNINITIALIZED_AUTOS = YES_AGGRESSIVE;
				GCC_WARN_UNUSED_FUNCTION = YES;
				GCC_WARN_UNUSED_VARIABLE = YES;
				IPHONEOS_DEPLOYMENT_TARGET = 16.4;
				MTL_ENABLE_DEBUG_INFO = NO;
				MTL_FAST_MATH = YES;
				SDKROOT = iphoneos;
				SWIFT_COMPILATION_MODE = wholemodule;
				SWIFT_OPTIMIZATION_LEVEL = "-O";
				VALIDATE_PRODUCT = YES;
			};
			name = Release;
		};
		1BEE45BB2AAC66B6004D7EBF /* Debug */ = {
			isa = XCBuildConfiguration;
			buildSettings = {
				ASSETCATALOG_COMPILER_APPICON_NAME = AppIcon;
				ASSETCATALOG_COMPILER_GLOBAL_ACCENT_COLOR_NAME = AccentColor;
				CODE_SIGN_STYLE = Automatic;
				CURRENT_PROJECT_VERSION = 1;
				DEVELOPMENT_TEAM = ZB2ABAWN99;
				GENERATE_INFOPLIST_FILE = YES;
				INFOPLIST_FILE = simpleCalculator/Info.plist;
				INFOPLIST_KEY_UIApplicationSupportsIndirectInputEvents = YES;
				INFOPLIST_KEY_UILaunchStoryboardName = LaunchScreen;
				INFOPLIST_KEY_UIMainStoryboardFile = Main;
				INFOPLIST_KEY_UISupportedInterfaceOrientations_iPad = "UIInterfaceOrientationPortrait UIInterfaceOrientationPortraitUpsideDown UIInterfaceOrientationLandscapeLeft UIInterfaceOrientationLandscapeRight";
				INFOPLIST_KEY_UISupportedInterfaceOrientations_iPhone = "UIInterfaceOrientationPortrait UIInterfaceOrientationLandscapeLeft UIInterfaceOrientationLandscapeRight";
				LD_RUNPATH_SEARCH_PATHS = (
					"$(inherited)",
					"@executable_path/Frameworks",
				);
				MARKETING_VERSION = 1.0;
				PRODUCT_BUNDLE_IDENTIFIER = com.aybatu.simpleCalculator;
				PRODUCT_NAME = "$(TARGET_NAME)";
				SWIFT_EMIT_LOC_STRINGS = YES;
				SWIFT_VERSION = 5.0;
				TARGETED_DEVICE_FAMILY = "1,2";
			};
			name = Debug;
		};
		1BEE45BC2AAC66B6004D7EBF /* Release */ = {
			isa = XCBuildConfiguration;
			buildSettings = {
				ASSETCATALOG_COMPILER_APPICON_NAME = AppIcon;
				ASSETCATALOG_COMPILER_GLOBAL_ACCENT_COLOR_NAME = AccentColor;
				CODE_SIGN_STYLE = Automatic;
				CURRENT_PROJECT_VERSION = 1;
				DEVELOPMENT_TEAM = ZB2ABAWN99;
				GENERATE_INFOPLIST_FILE = YES;
				INFOPLIST_FILE = simpleCalculator/Info.plist;
				INFOPLIST_KEY_UIApplicationSupportsIndirectInputEvents = YES;
				INFOPLIST_KEY_UILaunchStoryboardName = LaunchScreen;
				INFOPLIST_KEY_UIMainStoryboardFile = Main;
				INFOPLIST_KEY_UISupportedInterfaceOrientations_iPad = "UIInterfaceOrientationPortrait UIInterfaceOrientationPortraitUpsideDown UIInterfaceOrientationLandscapeLeft UIInterfaceOrientationLandscapeRight";
				INFOPLIST_KEY_UISupportedInterfaceOrientations_iPhone = "UIInterfaceOrientationPortrait UIInterfaceOrientationLandscapeLeft UIInterfaceOrientationLandscapeRight";
				LD_RUNPATH_SEARCH_PATHS = (
					"$(inherited)",
					"@executable_path/Frameworks",
				);
				MARKETING_VERSION = 1.0;
				PRODUCT_BUNDLE_IDENTIFIER = com.aybatu.simpleCalculator;
				PRODUCT_NAME = "$(TARGET_NAME)";
				SWIFT_EMIT_LOC_STRINGS = YES;
				SWIFT_VERSION = 5.0;
				TARGETED_DEVICE_FAMILY = "1,2";
			};
			name = Release;
		};
		1BEE45FB2AACBF26004D7EBF /* Debug */ = {
			isa = XCBuildConfiguration;
			buildSettings = {
				CODE_SIGN_STYLE = Automatic;
				CURRENT_PROJECT_VERSION = 1;
				DEVELOPMENT_TEAM = ZB2ABAWN99;
				GENERATE_INFOPLIST_FILE = YES;
				MARKETING_VERSION = 1.0;
				PRODUCT_BUNDLE_IDENTIFIER = com.aybatu.simpleCalculatorUITests;
				PRODUCT_NAME = "$(TARGET_NAME)";
				SWIFT_EMIT_LOC_STRINGS = NO;
				SWIFT_VERSION = 5.0;
				TARGETED_DEVICE_FAMILY = "1,2";
				TEST_TARGET_NAME = simpleCalculator;
			};
			name = Debug;
		};
		1BEE45FC2AACBF26004D7EBF /* Release */ = {
			isa = XCBuildConfiguration;
			buildSettings = {
				CODE_SIGN_STYLE = Automatic;
				CURRENT_PROJECT_VERSION = 1;
				DEVELOPMENT_TEAM = ZB2ABAWN99;
				GENERATE_INFOPLIST_FILE = YES;
				MARKETING_VERSION = 1.0;
				PRODUCT_BUNDLE_IDENTIFIER = com.aybatu.simpleCalculatorUITests;
				PRODUCT_NAME = "$(TARGET_NAME)";
				SWIFT_EMIT_LOC_STRINGS = NO;
				SWIFT_VERSION = 5.0;
				TARGETED_DEVICE_FAMILY = "1,2";
				TEST_TARGET_NAME = simpleCalculator;
			};
			name = Release;
		};
		1BEE46082AAE2D27004D7EBF /* Debug */ = {
			isa = XCBuildConfiguration;
			buildSettings = {
				BUNDLE_LOADER = "$(TEST_HOST)";
				CODE_SIGN_STYLE = Automatic;
				CURRENT_PROJECT_VERSION = 1;
				DEVELOPMENT_TEAM = ZB2ABAWN99;
				GENERATE_INFOPLIST_FILE = YES;
				MARKETING_VERSION = 1.0;
				PRODUCT_BUNDLE_IDENTIFIER = com.aybatu.simpleCalculatorTests;
				PRODUCT_NAME = "$(TARGET_NAME)";
				SWIFT_EMIT_LOC_STRINGS = NO;
				SWIFT_VERSION = 5.0;
				TARGETED_DEVICE_FAMILY = "1,2";
				TEST_HOST = "$(BUILT_PRODUCTS_DIR)/simpleCalculator.app/$(BUNDLE_EXECUTABLE_FOLDER_PATH)/simpleCalculator";
			};
			name = Debug;
		};
		1BEE46092AAE2D27004D7EBF /* Release */ = {
			isa = XCBuildConfiguration;
			buildSettings = {
				BUNDLE_LOADER = "$(TEST_HOST)";
				CODE_SIGN_STYLE = Automatic;
				CURRENT_PROJECT_VERSION = 1;
				DEVELOPMENT_TEAM = ZB2ABAWN99;
				GENERATE_INFOPLIST_FILE = YES;
				MARKETING_VERSION = 1.0;
				PRODUCT_BUNDLE_IDENTIFIER = com.aybatu.simpleCalculatorTests;
				PRODUCT_NAME = "$(TARGET_NAME)";
				SWIFT_EMIT_LOC_STRINGS = NO;
				SWIFT_VERSION = 5.0;
				TARGETED_DEVICE_FAMILY = "1,2";
				TEST_HOST = "$(BUILT_PRODUCTS_DIR)/simpleCalculator.app/$(BUNDLE_EXECUTABLE_FOLDER_PATH)/simpleCalculator";
			};
			name = Release;
		};
/* End XCBuildConfiguration section */

/* Begin XCConfigurationList section */
		1BEE45A12AAC66B5004D7EBF /* Build configuration list for PBXProject "simpleCalculator" */ = {
			isa = XCConfigurationList;
			buildConfigurations = (
				1BEE45B82AAC66B6004D7EBF /* Debug */,
				1BEE45B92AAC66B6004D7EBF /* Release */,
			);
			defaultConfigurationIsVisible = 0;
			defaultConfigurationName = Release;
		};
		1BEE45BA2AAC66B6004D7EBF /* Build configuration list for PBXNativeTarget "simpleCalculator" */ = {
			isa = XCConfigurationList;
			buildConfigurations = (
				1BEE45BB2AAC66B6004D7EBF /* Debug */,
				1BEE45BC2AAC66B6004D7EBF /* Release */,
			);
			defaultConfigurationIsVisible = 0;
			defaultConfigurationName = Release;
		};
		1BEE45FA2AACBF26004D7EBF /* Build configuration list for PBXNativeTarget "simpleCalculatorUITests" */ = {
			isa = XCConfigurationList;
			buildConfigurations = (
				1BEE45FB2AACBF26004D7EBF /* Debug */,
				1BEE45FC2AACBF26004D7EBF /* Release */,
			);
			defaultConfigurationIsVisible = 0;
			defaultConfigurationName = Release;
		};
		1BEE46072AAE2D27004D7EBF /* Build configuration list for PBXNativeTarget "simpleCalculatorTests" */ = {
			isa = XCConfigurationList;
			buildConfigurations = (
				1BEE46082AAE2D27004D7EBF /* Debug */,
				1BEE46092AAE2D27004D7EBF /* Release */,
			);
			defaultConfigurationIsVisible = 0;
			defaultConfigurationName = Release;
		};
/* End XCConfigurationList section */
	};
	rootObject = 1BEE459E2AAC66B5004D7EBF /* Project object */;
}
